
Microsoft Visual Studio Solution File, Format Version 12.00
# Visual Studio Version 17
VisualStudioVersion = 17.9.34622.214
MinimumVisualStudioVersion = 10.0.40219.1
Project("{2150E333-8FDC-42A3-9474-1A3956D46DE8}") = "src", "src", "{982A3DD1-9DFF-4D2C-B3B8-45EB9DF94334}"
EndProject
Project("{9A19103F-16F7-4668-BE54-9A1E7A4F7556}") = "Character.API", "src\Character.API\Character.API.csproj", "{378D12DA-5949-48AE-9E7D-086CF2B72530}"
EndProject
Project("{9A19103F-16F7-4668-BE54-9A1E7A4F7556}") = "Character.Domain", "src\Character.Domain\Character.Domain.csproj", "{20B21795-4810-4424-9FBF-8627DE53DB19}"
EndProject
Project("{2150E333-8FDC-42A3-9474-1A3956D46DE8}") = "scripts", "scripts", "{D5CD3467-9049-4C27-8886-5014D7358C5A}"
EndProject
Project("{2150E333-8FDC-42A3-9474-1A3956D46DE8}") = "store", "store", "{A6FF02D6-4881-4ECE-9242-BE39E580DC4D}"
EndProject
Project("{2150E333-8FDC-42A3-9474-1A3956D46DE8}") = "pgstore", "pgstore", "{98E11130-1D43-4C52-86E1-F0EA59B5B6ED}"
EndProject
Project("{2150E333-8FDC-42A3-9474-1A3956D46DE8}") = "migrations", "migrations", "{CC4EBB7D-0E5A-40A6-AD56-D4DC20B5367D}"
EndProject
Project("{2150E333-8FDC-42A3-9474-1A3956D46DE8}") = "Docker", "Docker", "{527CE0DB-720D-4689-82E7-9A8A5AA23EE1}"
	ProjectSection(SolutionItems) = preProject
		compose.yaml = compose.yaml
	EndProjectSection
EndProject
Project("{2150E333-8FDC-42A3-9474-1A3956D46DE8}") = "tools", "tools", "{B8A15829-5925-42E9-8F90-2DB423396FF0}"
EndProject
Project("{2150E333-8FDC-42A3-9474-1A3956D46DE8}") = "Pg", "Pg", "{87D64700-4F0B-4C2A-B150-084C1D38AE63}"
EndProject
Project("{9A19103F-16F7-4668-BE54-9A1E7A4F7556}") = "PgSqlRunner", "tools\Pg\PgSqlRunner\PgSqlRunner.csproj", "{FA15A781-4C9B-4DF4-900A-A528BA7AE454}"
EndProject
Project("{9A19103F-16F7-4668-BE54-9A1E7A4F7556}") = "Character.Infrastructure", "src\Character.Infrastructure\Character.Infrastructure.csproj", "{7473CFE2-4285-4D90-8FE2-9A1DE063B92F}"
EndProject
Project("{2150E333-8FDC-42A3-9474-1A3956D46DE8}") = "schemas", "schemas", "{5F1C4F7F-97C6-4F80-9445-D470E4741916}"
EndProject
Project("{2150E333-8FDC-42A3-9474-1A3956D46DE8}") = "seed", "seed", "{816CE7CC-A6EE-4535-B4FD-6FE071DF0CD4}"
	ProjectSection(SolutionItems) = preProject
		initial_seed.sql = initial_seed.sql
	EndProjectSection
EndProject
Project("{2150E333-8FDC-42A3-9474-1A3956D46DE8}") = "tests", "tests", "{89C963EB-24B3-4513-993F-352151EAEAE2}"
EndProject
Project("{2150E333-8FDC-42A3-9474-1A3956D46DE8}") = "unitTests", "unitTests", "{E1677784-F25D-45FF-A83E-63F756E2B5B8}"
EndProject
Project("{FAE04EC0-301F-11D3-BF4B-00C04F79EFBC}") = "Character.Data.Tests", "tests\unitTests\Character.Data.Tests\Character.Data.Tests.csproj", "{64CC81DE-0A93-4ECF-B76D-AFFCCFDC0C18}"
EndProject
Global
	GlobalSection(SolutionConfigurationPlatforms) = preSolution
		Debug|Any CPU = Debug|Any CPU
		Release|Any CPU = Release|Any CPU
	EndGlobalSection
	GlobalSection(ProjectConfigurationPlatforms) = postSolution
		{378D12DA-5949-48AE-9E7D-086CF2B72530}.Debug|Any CPU.ActiveCfg = Debug|Any CPU
		{378D12DA-5949-48AE-9E7D-086CF2B72530}.Debug|Any CPU.Build.0 = Debug|Any CPU
		{378D12DA-5949-48AE-9E7D-086CF2B72530}.Release|Any CPU.ActiveCfg = Release|Any CPU
		{378D12DA-5949-48AE-9E7D-086CF2B72530}.Release|Any CPU.Build.0 = Release|Any CPU
		{20B21795-4810-4424-9FBF-8627DE53DB19}.Debug|Any CPU.ActiveCfg = Debug|Any CPU
		{20B21795-4810-4424-9FBF-8627DE53DB19}.Debug|Any CPU.Build.0 = Debug|Any CPU
		{20B21795-4810-4424-9FBF-8627DE53DB19}.Release|Any CPU.ActiveCfg = Release|Any CPU
		{20B21795-4810-4424-9FBF-8627DE53DB19}.Release|Any CPU.Build.0 = Release|Any CPU
		{FA15A781-4C9B-4DF4-900A-A528BA7AE454}.Debug|Any CPU.ActiveCfg = Debug|Any CPU
		{FA15A781-4C9B-4DF4-900A-A528BA7AE454}.Debug|Any CPU.Build.0 = Debug|Any CPU
		{FA15A781-4C9B-4DF4-900A-A528BA7AE454}.Release|Any CPU.ActiveCfg = Release|Any CPU
		{FA15A781-4C9B-4DF4-900A-A528BA7AE454}.Release|Any CPU.Build.0 = Release|Any CPU
		{7473CFE2-4285-4D90-8FE2-9A1DE063B92F}.Debug|Any CPU.ActiveCfg = Debug|Any CPU
		{7473CFE2-4285-4D90-8FE2-9A1DE063B92F}.Debug|Any CPU.Build.0 = Debug|Any CPU
		{7473CFE2-4285-4D90-8FE2-9A1DE063B92F}.Release|Any CPU.ActiveCfg = Release|Any CPU
		{7473CFE2-4285-4D90-8FE2-9A1DE063B92F}.Release|Any CPU.Build.0 = Release|Any CPU
		{64CC81DE-0A93-4ECF-B76D-AFFCCFDC0C18}.Debug|Any CPU.ActiveCfg = Debug|Any CPU
		{64CC81DE-0A93-4ECF-B76D-AFFCCFDC0C18}.Debug|Any CPU.Build.0 = Debug|Any CPU
		{64CC81DE-0A93-4ECF-B76D-AFFCCFDC0C18}.Release|Any CPU.ActiveCfg = Release|Any CPU
		{64CC81DE-0A93-4ECF-B76D-AFFCCFDC0C18}.Release|Any CPU.Build.0 = Release|Any CPU
	EndGlobalSection
	GlobalSection(SolutionProperties) = preSolution
		HideSolutionNode = FALSE
	EndGlobalSection
	GlobalSection(NestedProjects) = preSolution
		{378D12DA-5949-48AE-9E7D-086CF2B72530} = {982A3DD1-9DFF-4D2C-B3B8-45EB9DF94334}
		{20B21795-4810-4424-9FBF-8627DE53DB19} = {982A3DD1-9DFF-4D2C-B3B8-45EB9DF94334}
		{A6FF02D6-4881-4ECE-9242-BE39E580DC4D} = {D5CD3467-9049-4C27-8886-5014D7358C5A}
		{98E11130-1D43-4C52-86E1-F0EA59B5B6ED} = {A6FF02D6-4881-4ECE-9242-BE39E580DC4D}
		{CC4EBB7D-0E5A-40A6-AD56-D4DC20B5367D} = {98E11130-1D43-4C52-86E1-F0EA59B5B6ED}
		{87D64700-4F0B-4C2A-B150-084C1D38AE63} = {B8A15829-5925-42E9-8F90-2DB423396FF0}
		{FA15A781-4C9B-4DF4-900A-A528BA7AE454} = {87D64700-4F0B-4C2A-B150-084C1D38AE63}
		{7473CFE2-4285-4D90-8FE2-9A1DE063B92F} = {982A3DD1-9DFF-4D2C-B3B8-45EB9DF94334}
		{5F1C4F7F-97C6-4F80-9445-D470E4741916} = {CC4EBB7D-0E5A-40A6-AD56-D4DC20B5367D}
		{816CE7CC-A6EE-4535-B4FD-6FE071DF0CD4} = {CC4EBB7D-0E5A-40A6-AD56-D4DC20B5367D}
		{E1677784-F25D-45FF-A83E-63F756E2B5B8} = {89C963EB-24B3-4513-993F-352151EAEAE2}
		{64CC81DE-0A93-4ECF-B76D-AFFCCFDC0C18} = {E1677784-F25D-45FF-A83E-63F756E2B5B8}
	EndGlobalSection
	GlobalSection(ExtensibilityGlobals) = postSolution
		SolutionGuid = {140F6D1D-8FED-4DBB-9B50-E20656B4EDB7}
	EndGlobalSection
EndGlobal
